---
LetTIHL: 0
LC Jiro: 0
Dioo6647: 0
Therefore1998: 0
ThaiLV2020: 0
Kaysil666: 0
ZxKillerxZ1753: 0
Ngocvnendthe: 0
KickrederMCVN: 0
KhangKOPvn: 0
HuyVN7440: 0
PhoPhuc: 0
Tumina123: 0
JackTHNGaming41: 0
Thaisdeeptry: 0
DimplyPlate9452: 0
Khanghoang2706: 0
HYOminer: 0
xXXXXnoobbXXXXx: 0
NuTaVN: 0
idolbminh: 0
CoolOdin3543605: 0
FunnyGameM: 0
DoraGamerMC12: 0
Truo2213: 0
GGGGHuynopro: 0
Lunox73671Q: 0
KhangYeg: 0
Thanhviet2k7: 0
FiveOrca6406936: 0
HKYT19: 0
MingledThread41: 0
matchatimopro: 0
MrDane07: 0
Cacutexiu: 0
haitranxx: 0
NoobPvP2k3: 0
LoveYuri304: 0
Vu7463: 0
heopopic: 0
TuanWang9603: 0
Blinklink010: 0
TungVnNoob: 0
zZGrayzerZz: 0
Manh2k5l: 0
zBlackCoolz: 0
Nhanlevii: 0
BaByTUFFGAME: 0
...
